
Microsoft Visual Studio Solution File, Format Version 12.00
# Visual Studio 2012
Project("{FAE04EC0-301F-11D3-BF4B-00C04F79EFBC}") = "WebApiAllInOne", "WebApiAllInOne\WebApiAllInOne.csproj", "{24E7CE8B-7072-4EB1-A753-B350F248697A}"
EndProject
Global
	GlobalSection(SolutionConfigurationPlatforms) = preSolution
		Debug|Any CPU = Debug|Any CPU
		Release|Any CPU = Release|Any CPU
	EndGlobalSection
	GlobalSection(ProjectConfigurationPlatforms) = postSolution
		{24E7CE8B-7072-4EB1-A753-B350F248697A}.Debug|Any CPU.ActiveCfg = Debug|Any CPU
		{24E7CE8B-7072-4EB1-A753-B350F248697A}.Debug|Any CPU.Build.0 = Debug|Any CPU
		{24E7CE8B-7072-4EB1-A753-B350F248697A}.Release|Any CPU.ActiveCfg = Release|Any CPU
		{24E7CE8B-7072-4EB1-A753-B350F248697A}.Release|Any CPU.Build.0 = Release|Any CPU
	EndGlobalSection
	GlobalSection(SolutionProperties) = preSolution
		HideSolutionNode = FALSE
	EndGlobalSection
EndGlobal
