
Microsoft Visual Studio Solution File, Format Version 12.00
# Visual Studio 2013
VisualStudioVersion = 12.0.31101.0
MinimumVisualStudioVersion = 10.0.40219.1
Project("{FAE04EC0-301F-11D3-BF4B-00C04F79EFBC}") = "jQueryMobileAllInOne", "jQueryMobileAllInOne\jQueryMobileAllInOne.csproj", "{06A53BE9-FC3C-4368-BB6C-AB691093BB41}"
EndProject
Project("{FAE04EC0-301F-11D3-BF4B-00C04F79EFBC}") = "jQueryMobileApp", "jQueryMobileApp\jQueryMobileApp.csproj", "{599FED3A-8885-4DEC-82D4-2F450372546E}"
EndProject
Project("{FAE04EC0-301F-11D3-BF4B-00C04F79EFBC}") = "AppServer", "AppServer\AppServer.csproj", "{44B947F1-F9B7-4D92-989B-89D72EC55434}"
EndProject
Global
	GlobalSection(SolutionConfigurationPlatforms) = preSolution
		Debug|Any CPU = Debug|Any CPU
		Release|Any CPU = Release|Any CPU
	EndGlobalSection
	GlobalSection(ProjectConfigurationPlatforms) = postSolution
		{06A53BE9-FC3C-4368-BB6C-AB691093BB41}.Debug|Any CPU.ActiveCfg = Debug|Any CPU
		{06A53BE9-FC3C-4368-BB6C-AB691093BB41}.Debug|Any CPU.Build.0 = Debug|Any CPU
		{06A53BE9-FC3C-4368-BB6C-AB691093BB41}.Release|Any CPU.ActiveCfg = Release|Any CPU
		{06A53BE9-FC3C-4368-BB6C-AB691093BB41}.Release|Any CPU.Build.0 = Release|Any CPU
		{599FED3A-8885-4DEC-82D4-2F450372546E}.Debug|Any CPU.ActiveCfg = Debug|Any CPU
		{599FED3A-8885-4DEC-82D4-2F450372546E}.Debug|Any CPU.Build.0 = Debug|Any CPU
		{599FED3A-8885-4DEC-82D4-2F450372546E}.Release|Any CPU.ActiveCfg = Release|Any CPU
		{599FED3A-8885-4DEC-82D4-2F450372546E}.Release|Any CPU.Build.0 = Release|Any CPU
		{44B947F1-F9B7-4D92-989B-89D72EC55434}.Debug|Any CPU.ActiveCfg = Debug|Any CPU
		{44B947F1-F9B7-4D92-989B-89D72EC55434}.Debug|Any CPU.Build.0 = Debug|Any CPU
		{44B947F1-F9B7-4D92-989B-89D72EC55434}.Release|Any CPU.ActiveCfg = Release|Any CPU
		{44B947F1-F9B7-4D92-989B-89D72EC55434}.Release|Any CPU.Build.0 = Release|Any CPU
	EndGlobalSection
	GlobalSection(SolutionProperties) = preSolution
		HideSolutionNode = FALSE
	EndGlobalSection
EndGlobal
